{
  "version": 4,
  "terraform_version": "1.7.5",
  "serial": 33,
  "lineage": "5b1e0612-0e56-39f2-e903-045328d09523",
  "outputs": {},
  "resources": [
    {
      "mode": "managed",
      "type": "newrelic_alert_policy",
      "name": "rp1",
      "provider": "provider[\"registry.terraform.io/newrelic/newrelic\"]",
      "instances": [
        {
          "index_key": 0,
          "schema_version": 0,
          "attributes": {
            "account_id": 4438281,
            "channel_ids": null,
            "id": "5493255",
            "incident_preference": "PER_POLICY",
            "name": "demo-policy-0"
          },
          "sensitive_attributes": [],
          "private": "bnVsbA=="
        },
        {
          "index_key": 1,
          "schema_version": 0,
          "attributes": {
            "account_id": 4438281,
            "channel_ids": null,
            "id": "5493252",
            "incident_preference": "PER_POLICY",
            "name": "demo-policy-1"
          },
          "sensitive_attributes": [],
          "private": "bnVsbA=="
        },
        {
          "index_key": 2,
          "schema_version": 0,
          "attributes": {
            "account_id": 4438281,
            "channel_ids": null,
            "id": "5493253",
            "incident_preference": "PER_POLICY",
            "name": "demo-policy-2"
          },
          "sensitive_attributes": [],
          "private": "bnVsbA=="
        }
      ]
    }
  ],
  "check_results": null
}
